
Microsoft Visual Studio Solution File, Format Version 12.00
# Visual Studio 15
VisualStudioVersion = 15.0.28307.705
MinimumVisualStudioVersion = 10.0.40219.1
Project("{8BC9CEB8-8B4A-11D0-8D11-00A0C91BC942}") = "LegacyClient", "LegacyClient\LegacyClient.vcxproj", "{52238AB3-76CE-438D-9BAB-0B5E786633BD}"
EndProject
Project("{FAE04EC0-301F-11D3-BF4B-00C04F79EFBC}") = "ScriptHost", "ScriptHost\ScriptHost.csproj", "{5B6BFE33-FB2B-4104-895F-549F56DA7437}"
EndProject
Project("{FAE04EC0-301F-11D3-BF4B-00C04F79EFBC}") = "TestScript", "TestScript\TestScript.csproj", "{B4DFA5FB-A0D0-4CEB-BB47-883F3477CBE4}"
EndProject
Global
	GlobalSection(SolutionConfigurationPlatforms) = preSolution
		Debug|Any CPU = Debug|Any CPU
		Debug|x64 = Debug|x64
		Release|Any CPU = Release|Any CPU
		Release|x64 = Release|x64
	EndGlobalSection
	GlobalSection(ProjectConfigurationPlatforms) = postSolution
		{52238AB3-76CE-438D-9BAB-0B5E786633BD}.Debug|Any CPU.ActiveCfg = Debug|x64
		{52238AB3-76CE-438D-9BAB-0B5E786633BD}.Debug|x64.ActiveCfg = Debug|x64
		{52238AB3-76CE-438D-9BAB-0B5E786633BD}.Debug|x64.Build.0 = Debug|x64
		{52238AB3-76CE-438D-9BAB-0B5E786633BD}.Release|Any CPU.ActiveCfg = Release|x64
		{52238AB3-76CE-438D-9BAB-0B5E786633BD}.Release|x64.ActiveCfg = Release|x64
		{52238AB3-76CE-438D-9BAB-0B5E786633BD}.Release|x64.Build.0 = Release|x64
		{5B6BFE33-FB2B-4104-895F-549F56DA7437}.Debug|Any CPU.ActiveCfg = Debug|x64
		{5B6BFE33-FB2B-4104-895F-549F56DA7437}.Debug|x64.ActiveCfg = Debug|x64
		{5B6BFE33-FB2B-4104-895F-549F56DA7437}.Debug|x64.Build.0 = Debug|x64
		{5B6BFE33-FB2B-4104-895F-549F56DA7437}.Release|Any CPU.ActiveCfg = Release|x64
		{5B6BFE33-FB2B-4104-895F-549F56DA7437}.Release|x64.ActiveCfg = Release|x64
		{5B6BFE33-FB2B-4104-895F-549F56DA7437}.Release|x64.Build.0 = Release|x64
		{B4DFA5FB-A0D0-4CEB-BB47-883F3477CBE4}.Debug|Any CPU.ActiveCfg = Debug|Any CPU
		{B4DFA5FB-A0D0-4CEB-BB47-883F3477CBE4}.Debug|Any CPU.Build.0 = Debug|Any CPU
		{B4DFA5FB-A0D0-4CEB-BB47-883F3477CBE4}.Debug|x64.ActiveCfg = Debug|Any CPU
		{B4DFA5FB-A0D0-4CEB-BB47-883F3477CBE4}.Debug|x64.Build.0 = Debug|Any CPU
		{B4DFA5FB-A0D0-4CEB-BB47-883F3477CBE4}.Release|Any CPU.ActiveCfg = Release|Any CPU
		{B4DFA5FB-A0D0-4CEB-BB47-883F3477CBE4}.Release|Any CPU.Build.0 = Release|Any CPU
		{B4DFA5FB-A0D0-4CEB-BB47-883F3477CBE4}.Release|x64.ActiveCfg = Release|Any CPU
		{B4DFA5FB-A0D0-4CEB-BB47-883F3477CBE4}.Release|x64.Build.0 = Release|Any CPU
	EndGlobalSection
	GlobalSection(SolutionProperties) = preSolution
		HideSolutionNode = FALSE
	EndGlobalSection
	GlobalSection(ExtensibilityGlobals) = postSolution
		SolutionGuid = {207169E5-6ADE-4047-BEA9-13DB97E87883}
	EndGlobalSection
EndGlobal
